
Microsoft Visual Studio Solution File, Format Version 12.00
# Visual Studio 15
Project("{FAE04EC0-301F-11D3-BF4B-00C04F79EFBC}") = "Assembly-CSharp", "Assembly-CSharp.csproj", "{7ECA871A-4C7D-ED48-8A89-5474C3D75602}"
EndProject
Global
	GlobalSection(SolutionConfigurationPlatforms) = preSolution
		Debug|Any CPU = Debug|Any CPU
		Release|Any CPU = Release|Any CPU
	EndGlobalSection
	GlobalSection(ProjectConfigurationPlatforms) = postSolution
		{7ECA871A-4C7D-ED48-8A89-5474C3D75602}.Debug|Any CPU.ActiveCfg = Debug|Any CPU
		{7ECA871A-4C7D-ED48-8A89-5474C3D75602}.Debug|Any CPU.Build.0 = Debug|Any CPU
		{7ECA871A-4C7D-ED48-8A89-5474C3D75602}.Release|Any CPU.ActiveCfg = Release|Any CPU
		{7ECA871A-4C7D-ED48-8A89-5474C3D75602}.Release|Any CPU.Build.0 = Release|Any CPU
	EndGlobalSection
	GlobalSection(SolutionProperties) = preSolution
		HideSolutionNode = FALSE
	EndGlobalSection
EndGlobal
